
Microsoft Visual Studio Solution File, Format Version 12.00
# Visual Studio Version 17
VisualStudioVersion = 17.10.34928.147
MinimumVisualStudioVersion = 10.0.40219.1
Project("{888888A0-9F3D-457C-B088-3A5042F75D52}") = "PINNs_Research", "PINNs_Research.pyproj", "{ED81DEF3-6E39-4387-9F39-41329F3B0711}"
EndProject
Global
	GlobalSection(SolutionConfigurationPlatforms) = preSolution
		Debug|Any CPU = Debug|Any CPU
		Release|Any CPU = Release|Any CPU
	EndGlobalSection
	GlobalSection(ProjectConfigurationPlatforms) = postSolution
		{ED81DEF3-6E39-4387-9F39-41329F3B0711}.Debug|Any CPU.ActiveCfg = Debug|Any CPU
		{ED81DEF3-6E39-4387-9F39-41329F3B0711}.Release|Any CPU.ActiveCfg = Release|Any CPU
	EndGlobalSection
	GlobalSection(SolutionProperties) = preSolution
		HideSolutionNode = FALSE
	EndGlobalSection
	GlobalSection(ExtensibilityGlobals) = postSolution
		SolutionGuid = {1E614F70-BE12-4200-A6D0-951D17CD97E6}
	EndGlobalSection
EndGlobal
